{
  "version": 4,
  "terraform_version": "0.14.3",
  "serial": 3,
  "lineage": "b6f77fed-bf1d-5dd2-cbf1-80496096a8f5",
  "outputs": {
    "aks_node_rg": {
      "value": "aks_terraform_resources_rg",
      "type": "string"
    }
  },
  "resources": [
    {
      "mode": "managed",
      "type": "azurerm_resource_group",
      "name": "rg",
      "provider": "provider[\"registry.terraform.io/hashicorp/azurerm\"]",
      "instances": [
        {
          "schema_version": 0,
          "attributes": {
            "id": "/subscriptions/8dbfacfc-1f5c-4046-a51b-d17ab1528c35/resourceGroups/aks_terraform_rg",
            "location": "westeurope",
            "name": "aks_terraform_rg",
            "tags": {},
            "timeouts": null
          },
          "sensitive_attributes": [],
          "private": "eyJlMmJmYjczMC1lY2FhLTExZTYtOGY4OC0zNDM2M2JjN2M0YzAiOnsiY3JlYXRlIjo1NDAwMDAwMDAwMDAwLCJkZWxldGUiOjU0MDAwMDAwMDAwMDAsInJlYWQiOjMwMDAwMDAwMDAwMCwidXBkYXRlIjo1NDAwMDAwMDAwMDAwfX0="
        }
      ]
    }
  ]
}
