{"format_version":"0.1","terraform_version":"0.14.3","variables":{"cluster_name":{"value":"terraform-aks"},"default_node_count":{"value":3},"kubernetes_version":{"value":"1.20"},"location":{"value":"West Europe"},"node_resource_group":{"value":"aks_terraform_resources_rg"},"resource_group_name":{"value":"aks_terraform_rg"}},"planned_values":{"outputs":{"aks_fqdn":{"sensitive":false},"aks_id":{"sensitive":false},"aks_node_rg":{"sensitive":false,"value":"aks_terraform_resources_rg"}},"root_module":{"resources":[{"address":"azurerm_kubernetes_cluster.aks","mode":"managed","type":"azurerm_kubernetes_cluster","name":"aks","provider_name":"registry.terraform.io/hashicorp/azurerm","schema_version":0,"values":{"api_server_authorized_ip_ranges":null,"automatic_channel_upgrade":null,"default_node_pool":[{"availability_zones":["1","2","3"],"enable_auto_scaling":false,"enable_host_encryption":null,"enable_node_public_ip":null,"fips_enabled":null,"kubelet_config":[],"linux_os_config":[],"max_count":null,"min_count":null,"name":"default","node_count":3,"node_public_ip_prefix_id":null,"node_taints":null,"only_critical_addons_enabled":null,"os_disk_type":"Managed","os_sku":"Ubuntu","pod_subnet_id":null,"proximity_placement_group_id":null,"tags":null,"type":"VirtualMachineScaleSets","ultra_ssd_enabled":false,"upgrade_settings":[],"vm_size":"Standard_DS2_v2","vnet_subnet_id":null}],"disk_encryption_set_id":null,"dns_prefix":"terraform-aks","dns_prefix_private_cluster":null,"enable_pod_security_policy":null,"identity":[{"type":"SystemAssigned","user_assigned_identity_id":null}],"kubernetes_version":"1.20","linux_profile":[],"local_account_disabled":null,"location":"westeurope","maintenance_window":[],"name":"terraform-aks","network_profile":[{"load_balancer_sku":"Standard","network_plugin":"kubenet","outbound_type":"loadBalancer"}],"node_resource_group":"aks_terraform_resources_rg","private_cluster_public_fqdn_enabled":false,"resource_group_name":"aks_terraform_rg","service_principal":[],"sku_tier":"Free","tags":null,"timeouts":null}},{"address":"azurerm_resource_group.rg","mode":"managed","type":"azurerm_resource_group","name":"rg","provider_name":"registry.terraform.io/hashicorp/azurerm","schema_version":0,"values":{"location":"westeurope","name":"aks_terraform_rg","tags":null,"timeouts":null}}]}},"resource_changes":[{"address":"azurerm_kubernetes_cluster.aks","mode":"managed","type":"azurerm_kubernetes_cluster","name":"aks","provider_name":"registry.terraform.io/hashicorp/azurerm","change":{"actions":["create"],"before":null,"after":{"api_server_authorized_ip_ranges":null,"automatic_channel_upgrade":null,"default_node_pool":[{"availability_zones":["1","2","3"],"enable_auto_scaling":false,"enable_host_encryption":null,"enable_node_public_ip":null,"fips_enabled":null,"kubelet_config":[],"linux_os_config":[],"max_count":null,"min_count":null,"name":"default","node_count":3,"node_public_ip_prefix_id":null,"node_taints":null,"only_critical_addons_enabled":null,"os_disk_type":"Managed","os_sku":"Ubuntu","pod_subnet_id":null,"proximity_placement_group_id":null,"tags":null,"type":"VirtualMachineScaleSets","ultra_ssd_enabled":false,"upgrade_settings":[],"vm_size":"Standard_DS2_v2","vnet_subnet_id":null}],"disk_encryption_set_id":null,"dns_prefix":"terraform-aks","dns_prefix_private_cluster":null,"enable_pod_security_policy":null,"identity":[{"type":"SystemAssigned","user_assigned_identity_id":null}],"kubernetes_version":"1.20","linux_profile":[],"local_account_disabled":null,"location":"westeurope","maintenance_window":[],"name":"terraform-aks","network_profile":[{"load_balancer_sku":"Standard","network_plugin":"kubenet","outbound_type":"loadBalancer"}],"node_resource_group":"aks_terraform_resources_rg","private_cluster_public_fqdn_enabled":false,"resource_group_name":"aks_terraform_rg","service_principal":[],"sku_tier":"Free","tags":null,"timeouts":null},"after_unknown":{"addon_profile":true,"auto_scaler_profile":true,"default_node_pool":[{"availability_zones":[false,false,false],"kubelet_config":[],"kubelet_disk_type":true,"linux_os_config":[],"max_pods":true,"node_labels":true,"orchestrator_version":true,"os_disk_size_gb":true,"upgrade_settings":[]}],"fqdn":true,"id":true,"identity":[{"principal_id":true,"tenant_id":true}],"kube_admin_config":true,"kube_admin_config_raw":true,"kube_config":true,"kube_config_raw":true,"kubelet_identity":true,"linux_profile":[],"maintenance_window":[],"network_profile":[{"dns_service_ip":true,"docker_bridge_cidr":true,"load_balancer_profile":true,"network_mode":true,"network_policy":true,"pod_cidr":true,"service_cidr":true}],"private_cluster_enabled":true,"private_dns_zone_id":true,"private_fqdn":true,"private_link_enabled":true,"role_based_access_control":true,"service_principal":[],"windows_profile":true}}},{"address":"azurerm_resource_group.rg","mode":"managed","type":"azurerm_resource_group","name":"rg","provider_name":"registry.terraform.io/hashicorp/azurerm","change":{"actions":["create"],"before":null,"after":{"location":"westeurope","name":"aks_terraform_rg","tags":null,"timeouts":null},"after_unknown":{"id":true}}}],"output_changes":{"aks_fqdn":{"actions":["create"],"before":null,"after_unknown":true},"aks_id":{"actions":["create"],"before":null,"after_unknown":true},"aks_node_rg":{"actions":["create"],"before":null,"after":"aks_terraform_resources_rg","after_unknown":false}},"prior_state":{"format_version":"0.1","terraform_version":"0.14.3","values":{"outputs":{"aks_node_rg":{"sensitive":false,"value":"aks_terraform_resources_rg"}},"root_module":{}}},"configuration":{"provider_config":{"azurerm":{"name":"azurerm","expressions":{"features":[{}]}}},"root_module":{"outputs":{"aks_fqdn":{"expression":{"references":["azurerm_kubernetes_cluster.aks"]}},"aks_id":{"expression":{"references":["azurerm_kubernetes_cluster.aks"]}},"aks_node_rg":{"expression":{"references":["azurerm_kubernetes_cluster.aks"]}}},"resources":[{"address":"azurerm_kubernetes_cluster.aks","mode":"managed","type":"azurerm_kubernetes_cluster","name":"aks","provider_config_key":"azurerm","expressions":{"default_node_pool":[{"availability_zones":{"constant_value":[1,2,3]},"enable_auto_scaling":{"constant_value":false},"name":{"constant_value":"default"},"node_count":{"references":["var.default_node_count"]},"type":{"constant_value":"VirtualMachineScaleSets"},"vm_size":{"constant_value":"Standard_DS2_v2"}}],"dns_prefix":{"references":["var.cluster_name"]},"identity":[{"type":{"constant_value":"SystemAssigned"}}],"kubernetes_version":{"references":["var.kubernetes_version"]},"location":{"references":["var.location"]},"name":{"references":["var.cluster_name"]},"network_profile":[{"load_balancer_sku":{"constant_value":"Standard"},"network_plugin":{"constant_value":"kubenet"}}],"node_resource_group":{"references":["var.node_resource_group"]},"resource_group_name":{"references":["azurerm_resource_group.rg"]}},"schema_version":0},{"address":"azurerm_resource_group.rg","mode":"managed","type":"azurerm_resource_group","name":"rg","provider_config_key":"azurerm","expressions":{"location":{"references":["var.location"]},"name":{"references":["var.resource_group_name"]}},"schema_version":0}],"variables":{"cluster_name":{"description":"AKS name in Azure"},"default_node_count":{"description":"Number of AKS worker nodes"},"kubernetes_version":{"description":"Kubernetes version"},"location":{"description":"Resources location in Azure"},"node_resource_group":{"description":"RG name for cluster resources in Azure"},"resource_group_name":{"description":"RG name in Azure"}}}}}
